{
	"name": "static",
	"version": "1.0.0",
	"lockfileVersion": 3,
	"requires": true,
	"packages": {
		"": {
			"name": "static",
			"version": "1.0.0",
			"license": "ISC",
			"dependencies": {
				"modulee-engine-wasm": "^1.2.3"
			}
		},
		"node_modules/modulee-engine-wasm": {
			"version": "1.2.3",
			"resolved": "https://registry.npmjs.org/modulee-engine-wasm/-/modulee-engine-wasm-1.2.3.tgz",
			"integrity": "sha512-khSWp6A28Rbx+A9Qe3Ai77avuc1kazC+DPHOGT/PsoT+EDZ2f6aan31nfi1M29yaxknFjOtrB4NxiLIG3AI6eQ=="
		}
	}
}
