{
	"name": "static",
	"version": "1.0.0",
	"lockfileVersion": 3,
	"requires": true,
	"packages": {
		"": {
			"name": "static",
			"version": "1.0.0",
			"license": "ISC",
			"dependencies": {
				"modulee-engine-wasm": "^1.2.2"
			}
		},
		"node_modules/modulee-engine-wasm": {
			"version": "1.2.2",
			"resolved": "https://registry.npmjs.org/modulee-engine-wasm/-/modulee-engine-wasm-1.2.2.tgz",
			"integrity": "sha512-l7k9mTbnkZ85tptqsIl4BGGpe7vV7/mM4XsTpeSX9N+ZACnIY6I7quJi6AQL/nuB1lZw1JxJDpygPuU97M4nXQ=="
		}
	}
}
